// !$*UTF8*$!
{
	archiveVersion = 1;
	classes = {
	};
	objectVersion = 77;
	objects = {

/* Begin PBXContainerItemProxy section */
		AA0F3F8A2E5E30AE0097642C /* PBXContainerItemProxy */ = {
			isa = PBXContainerItemProxy;
			containerPortal = AA0F3F742E5E30AC0097642C /* Project object */;
			proxyType = 1;
			remoteGlobalIDString = AA0F3F7B2E5E30AC0097642C;
			remoteInfo = TimeZ;
		};
		AA0F3F942E5E30AE0097642C /* PBXContainerItemProxy */ = {
			isa = PBXContainerItemProxy;
			containerPortal = AA0F3F742E5E30AC0097642C /* Project object */;
			proxyType = 1;
			remoteGlobalIDString = AA0F3F7B2E5E30AC0097642C;
			remoteInfo = TimeZ;
		};
/* End PBXContainerItemProxy section */

/* Begin PBXFileReference section */
		AA0F3F7C2E5E30AC0097642C /* TimeZ.app */ = {isa = PBXFileReference; explicitFileType = wrapper.application; includeInIndex = 0; path = TimeZ.app; sourceTree = BUILT_PRODUCTS_DIR; };
		AA0F3F892E5E30AE0097642C /* TimeZTests.xctest */ = {isa = PBXFileReference; explicitFileType = wrapper.cfbundle; includeInIndex = 0; path = TimeZTests.xctest; sourceTree = BUILT_PRODUCTS_DIR; };
		AA0F3F932E5E30AE0097642C /* TimeZUITests.xctest */ = {isa = PBXFileReference; explicitFileType = wrapper.cfbundle; includeInIndex = 0; path = TimeZUITests.xctest; sourceTree = BUILT_PRODUCTS_DIR; };
/* End PBXFileReference section */

/* Begin PBXFileSystemSynchronizedRootGroup section */
		AA0F3F7E2E5E30AC0097642C /* TimeZ */ = {
			isa = PBXFileSystemSynchronizedRootGroup;
			path = TimeZ;
			sourceTree = "<group>";
		};
		AA0F3F8C2E5E30AE0097642C /* TimeZTests */ = {
			isa = PBXFileSystemSynchronizedRootGroup;
			path = TimeZTests;
			sourceTree = "<group>";
		};
		AA0F3F962E5E30AE0097642C /* TimeZUITests */ = {
			isa = PBXFileSystemSynchronizedRootGroup;
			path = TimeZUITests;
			sourceTree = "<group>";
		};
/* End PBXFileSystemSynchronizedRootGroup section */

/* Begin PBXFrameworksBuildPhase section */
		AA0F3F792E5E30AC0097642C /* Frameworks */ = {
			isa = PBXFrameworksBuildPhase;
			buildActionMask = 2147483647;
			files = (
			);
			runOnlyForDeploymentPostprocessing = 0;
		};
		AA0F3F862E5E30AE0097642C /* Frameworks */ = {
			isa = PBXFrameworksBuildPhase;
			buildActionMask = 2147483647;
			files = (
			);
			runOnlyForDeploymentPostprocessing = 0;
		};
		AA0F3F902E5E30AE0097642C /* Frameworks */ = {
			isa = PBXFrameworksBuildPhase;
			buildActionMask = 2147483647;
			files = (
			);
			runOnlyForDeploymentPostprocessing = 0;
		};
/* End PBXFrameworksBuildPhase section */

/* Begin PBXGroup section */
		AA0F3F732E5E30AC0097642C = {
			isa = PBXGroup;
			children = (
				AA0F3F7E2E5E30AC0097642C /* TimeZ */,
				AA0F3F8C2E5E30AE0097642C /* TimeZTests */,
				AA0F3F962E5E30AE0097642C /* TimeZUITests */,
				AA0F3F7D2E5E30AC0097642C /* Products */,
			);
			sourceTree = "<group>";
		};
		AA0F3F7D2E5E30AC0097642C /* Products */ = {
			isa = PBXGroup;
			children = (
				AA0F3F7C2E5E30AC0097642C /* TimeZ.app */,
				AA0F3F892E5E30AE0097642C /* TimeZTests.xctest */,
				AA0F3F932E5E30AE0097642C /* TimeZUITests.xctest */,
			);
			name = Products;
			sourceTree = "<group>";
		};
/* End PBXGroup section */

/* Begin PBXNativeTarget section */
		AA0F3F7B2E5E30AC0097642C /* TimeZ */ = {
			isa = PBXNativeTarget;
			buildConfigurationList = AA0F3F9D2E5E30AE0097642C /* Build configuration list for PBXNativeTarget "TimeZ" */;
			buildPhases = (
				AA0F3F782E5E30AC0097642C /* Sources */,
				AA0F3F792E5E30AC0097642C /* Frameworks */,
				AA0F3F7A2E5E30AC0097642C /* Resources */,
			);
			buildRules = (
			);
			dependencies = (
			);
			fileSystemSynchronizedGroups = (
				AA0F3F7E2E5E30AC0097642C /* TimeZ */,
			);
			name = TimeZ;
			packageProductDependencies = (
			);
			productName = TimeZ;
			productReference = AA0F3F7C2E5E30AC0097642C /* TimeZ.app */;
			productType = "com.apple.product-type.application";
		};
		AA0F3F882E5E30AE0097642C /* TimeZTests */ = {
			isa = PBXNativeTarget;
			buildConfigurationList = AA0F3FA02E5E30AE0097642C /* Build configuration list for PBXNativeTarget "TimeZTests" */;
			buildPhases = (
				AA0F3F852E5E30AE0097642C /* Sources */,
				AA0F3F862E5E30AE0097642C /* Frameworks */,
				AA0F3F872E5E30AE0097642C /* Resources */,
			);
			buildRules = (
			);
			dependencies = (
				AA0F3F8B2E5E30AE0097642C /* PBXTargetDependency */,
			);
			fileSystemSynchronizedGroups = (
				AA0F3F8C2E5E30AE0097642C /* TimeZTests */,
			);
			name = TimeZTests;
			packageProductDependencies = (
			);
			productName = TimeZTests;
			productReference = AA0F3F892E5E30AE0097642C /* TimeZTests.xctest */;
			productType = "com.apple.product-type.bundle.unit-test";
		};
		AA0F3F922E5E30AE0097642C /* TimeZUITests */ = {
			isa = PBXNativeTarget;
			buildConfigurationList = AA0F3FA32E5E30AE0097642C /* Build configuration list for PBXNativeTarget "TimeZUITests" */;
			buildPhases = (
				AA0F3F8F2E5E30AE0097642C /* Sources */,
				AA0F3F902E5E30AE0097642C /* Frameworks */,
				AA0F3F912E5E30AE0097642C /* Resources */,
			);
			buildRules = (
			);
			dependencies = (
				AA0F3F952E5E30AE0097642C /* PBXTargetDependency */,
			);
			fileSystemSynchronizedGroups = (
				AA0F3F962E5E30AE0097642C /* TimeZUITests */,
			);
			name = TimeZUITests;
			packageProductDependencies = (
			);
			productName = TimeZUITests;
			productReference = AA0F3F932E5E30AE0097642C /* TimeZUITests.xctest */;
			productType = "com.apple.product-type.bundle.ui-testing";
		};
/* End PBXNativeTarget section */

/* Begin PBXProject section */
		AA0F3F742E5E30AC0097642C /* Project object */ = {
			isa = PBXProject;
			attributes = {
				BuildIndependentTargetsInParallel = 1;
				LastSwiftUpdateCheck = 1640;
				LastUpgradeCheck = 1640;
				TargetAttributes = {
					AA0F3F7B2E5E30AC0097642C = {
						CreatedOnToolsVersion = 16.4;
					};
					AA0F3F882E5E30AE0097642C = {
						CreatedOnToolsVersion = 16.4;
						TestTargetID = AA0F3F7B2E5E30AC0097642C;
					};
					AA0F3F922E5E30AE0097642C = {
						CreatedOnToolsVersion = 16.4;
						TestTargetID = AA0F3F7B2E5E30AC0097642C;
					};
				};
			};
			buildConfigurationList = AA0F3F772E5E30AC0097642C /* Build configuration list for PBXProject "TimeZ" */;
			developmentRegion = en;
			hasScannedForEncodings = 0;
			knownRegions = (
				en,
				Base,
			);
			mainGroup = AA0F3F732E5E30AC0097642C;
			minimizedProjectReferenceProxies = 1;
			preferredProjectObjectVersion = 77;
			productRefGroup = AA0F3F7D2E5E30AC0097642C /* Products */;
			projectDirPath = "";
			projectRoot = "";
			targets = (
				AA0F3F7B2E5E30AC0097642C /* TimeZ */,
				AA0F3F882E5E30AE0097642C /* TimeZTests */,
				AA0F3F922E5E30AE0097642C /* TimeZUITests */,
			);
		};
/* End PBXProject section */

/* Begin PBXResourcesBuildPhase section */
		AA0F3F7A2E5E30AC0097642C /* Resources */ = {
			isa = PBXResourcesBuildPhase;
			buildActionMask = 2147483647;
			files = (
			);
			runOnlyForDeploymentPostprocessing = 0;
		};
		AA0F3F872E5E30AE0097642C /* Resources */ = {
			isa = PBXResourcesBuildPhase;
			buildActionMask = 2147483647;
			files = (
			);
			runOnlyForDeploymentPostprocessing = 0;
		};
		AA0F3F912E5E30AE0097642C /* Resources */ = {
			isa = PBXResourcesBuildPhase;
			buildActionMask = 2147483647;
			files = (
			);
			runOnlyForDeploymentPostprocessing = 0;
		};
/* End PBXResourcesBuildPhase section */

/* Begin PBXSourcesBuildPhase section */
		AA0F3F782E5E30AC0097642C /* Sources */ = {
			isa = PBXSourcesBuildPhase;
			buildActionMask = 2147483647;
			files = (
			);
			runOnlyForDeploymentPostprocessing = 0;
		};
		AA0F3F852E5E30AE0097642C /* Sources */ = {
			isa = PBXSourcesBuildPhase;
			buildActionMask = 2147483647;
			files = (
			);
			runOnlyForDeploymentPostprocessing = 0;
		};
		AA0F3F8F2E5E30AE0097642C /* Sources */ = {
			isa = PBXSourcesBuildPhase;
			buildActionMask = 2147483647;
			files = (
			);
			runOnlyForDeploymentPostprocessing = 0;
		};
/* End PBXSourcesBuildPhase section */

/* Begin PBXTargetDependency section */
		AA0F3F8B2E5E30AE0097642C /* PBXTargetDependency */ = {
			isa = PBXTargetDependency;
			target = AA0F3F7B2E5E30AC0097642C /* TimeZ */;
			targetProxy = AA0F3F8A2E5E30AE0097642C /* PBXContainerItemProxy */;
		};
		AA0F3F952E5E30AE0097642C /* PBXTargetDependency */ = {
			isa = PBXTargetDependency;
			target = AA0F3F7B2E5E30AC0097642C /* TimeZ */;
			targetProxy = AA0F3F942E5E30AE0097642C /* PBXContainerItemProxy */;
		};
/* End PBXTargetDependency section */

/* Begin XCBuildConfiguration section */
		AA0F3F9B2E5E30AE0097642C /* Debug */ = {
			isa = XCBuildConfiguration;
			buildSettings = {
				ALWAYS_SEARCH_USER_PATHS = NO;
				ASSETCATALOG_COMPILER_GENERATE_SWIFT_ASSET_SYMBOL_EXTENSIONS = YES;
				CLANG_ANALYZER_NONNULL = YES;
				CLANG_ANALYZER_NUMBER_OBJECT_CONVERSION = YES_AGGRESSIVE;
				CLANG_CXX_LANGUAGE_STANDARD = "gnu++20";
				CLANG_ENABLE_MODULES = YES;
				CLANG_ENABLE_OBJC_ARC = YES;
				CLANG_ENABLE_OBJC_WEAK = YES;
				CLANG_WARN_BLOCK_CAPTURE_AUTORELEASING = YES;
				CLANG_WARN_BOOL_CONVERSION = YES;
				CLANG_WARN_COMMA = YES;
				CLANG_WARN_CONSTANT_CONVERSION = YES;
				CLANG_WARN_DEPRECATED_OBJC_IMPLEMENTATIONS = YES;
				CLANG_WARN_DIRECT_OBJC_ISA_USAGE = YES_ERROR;
				CLANG_WARN_DOCUMENTATION_COMMENTS = YES;
				CLANG_WARN_EMPTY_BODY = YES;
				CLANG_WARN_ENUM_CONVERSION = YES;
				CLANG_WARN_INFINITE_RECURSION = YES;
				CLANG_WARN_INT_CONVERSION = YES;
				CLANG_WARN_NON_LITERAL_NULL_CONVERSION = YES;
				CLANG_WARN_OBJC_IMPLICIT_RETAIN_SELF = YES;
				CLANG_WARN_OBJC_LITERAL_CONVERSION = YES;
				CLANG_WARN_OBJC_ROOT_CLASS = YES_ERROR;
				CLANG_WARN_QUOTED_INCLUDE_IN_FRAMEWORK_HEADER = YES;
				CLANG_WARN_RANGE_LOOP_ANALYSIS = YES;
				CLANG_WARN_STRICT_PROTOTYPES = YES;
				CLANG_WARN_SUSPICIOUS_MOVE = YES;
				CLANG_WARN_UNGUARDED_AVAILABILITY = YES_AGGRESSIVE;
				CLANG_WARN_UNREACHABLE_CODE = YES;
				CLANG_WARN__DUPLICATE_METHOD_MATCH = YES;
				COPY_PHASE_STRIP = NO;
				DEBUG_INFORMATION_FORMAT = dwarf;
				ENABLE_STRICT_OBJC_MSGSEND = YES;
				ENABLE_TESTABILITY = YES;
				ENABLE_USER_SCRIPT_SANDBOXING = YES;
				GCC_C_LANGUAGE_STANDARD = gnu17;
				GCC_DYNAMIC_NO_PIC = NO;
				GCC_NO_COMMON_BLOCKS = YES;
				GCC_OPTIMIZATION_LEVEL = 0;
				GCC_PREPROCESSOR_DEFINITIONS = (
					"DEBUG=1",
					"$(inherited)",
				);
				GCC_WARN_64_TO_32_BIT_CONVERSION = YES;
				GCC_WARN_ABOUT_RETURN_TYPE = YES_ERROR;
				GCC_WARN_UNDECLARED_SELECTOR = YES;
				GCC_WARN_UNINITIALIZED_AUTOS = YES_AGGRESSIVE;
				GCC_WARN_UNUSED_FUNCTION = YES;
				GCC_WARN_UNUSED_VARIABLE = YES;
				IPHONEOS_DEPLOYMENT_TARGET = 18.5;
				LOCALIZATION_PREFERS_STRING_CATALOGS = YES;
				MTL_ENABLE_DEBUG_INFO = INCLUDE_SOURCE;
				MTL_FAST_MATH = YES;
				ONLY_ACTIVE_ARCH = YES;
				SDKROOT = iphoneos;
				SWIFT_ACTIVE_COMPILATION_CONDITIONS = "DEBUG $(inherited)";
				SWIFT_OPTIMIZATION_LEVEL = "-Onone";
			};
			name = Debug;
		};
		AA0F3F9C2E5E30AE0097642C /* Release */ = {
			isa = XCBuildConfiguration;
			buildSettings = {
				ALWAYS_SEARCH_USER_PATHS = NO;
				ASSETCATALOG_COMPILER_GENERATE_SWIFT_ASSET_SYMBOL_EXTENSIONS = YES;
				CLANG_ANALYZER_NONNULL = YES;
				CLANG_ANALYZER_NUMBER_OBJECT_CONVERSION = YES_AGGRESSIVE;
				CLANG_CXX_LANGUAGE_STANDARD = "gnu++20";
				CLANG_ENABLE_MODULES = YES;
				CLANG_ENABLE_OBJC_ARC = YES;
				CLANG_ENABLE_OBJC_WEAK = YES;
				CLANG_WARN_BLOCK_CAPTURE_AUTORELEASING = YES;
				CLANG_WARN_BOOL_CONVERSION = YES;
				CLANG_WARN_COMMA = YES;
				CLANG_WARN_CONSTANT_CONVERSION = YES;
				CLANG_WARN_DEPRECATED_OBJC_IMPLEMENTATIONS = YES;
				CLANG_WARN_DIRECT_OBJC_ISA_USAGE = YES_ERROR;
				CLANG_WARN_DOCUMENTATION_COMMENTS = YES;
				CLANG_WARN_EMPTY_BODY = YES;
				CLANG_WARN_ENUM_CONVERSION = YES;
				CLANG_WARN_INFINITE_RECURSION = YES;
				CLANG_WARN_INT_CONVERSION = YES;
				CLANG_WARN_NON_LITERAL_NULL_CONVERSION = YES;
				CLANG_WARN_OBJC_IMPLICIT_RETAIN_SELF = YES;
				CLANG_WARN_OBJC_LITERAL_CONVERSION = YES;
				CLANG_WARN_OBJC_ROOT_CLASS = YES_ERROR;
				CLANG_WARN_QUOTED_INCLUDE_IN_FRAMEWORK_HEADER = YES;
				CLANG_WARN_RANGE_LOOP_ANALYSIS = YES;
				CLANG_WARN_STRICT_PROTOTYPES = YES;
				CLANG_WARN_SUSPICIOUS_MOVE = YES;
				CLANG_WARN_UNGUARDED_AVAILABILITY = YES_AGGRESSIVE;
				CLANG_WARN_UNREACHABLE_CODE = YES;
				CLANG_WARN__DUPLICATE_METHOD_MATCH = YES;
				COPY_PHASE_STRIP = NO;
				DEBUG_INFORMATION_FORMAT = "dwarf-with-dsym";
				ENABLE_NS_ASSERTIONS = NO;
				ENABLE_STRICT_OBJC_MSGSEND = YES;
				ENABLE_USER_SCRIPT_SANDBOXING = YES;
				GCC_C_LANGUAGE_STANDARD = gnu17;
				GCC_NO_COMMON_BLOCKS = YES;
				GCC_WARN_64_TO_32_BIT_CONVERSION = YES;
				GCC_WARN_ABOUT_RETURN_TYPE = YES_ERROR;
				GCC_WARN_UNDECLARED_SELECTOR = YES;
				GCC_WARN_UNINITIALIZED_AUTOS = YES_AGGRESSIVE;
				GCC_WARN_UNUSED_FUNCTION = YES;
				GCC_WARN_UNUSED_VARIABLE = YES;
				IPHONEOS_DEPLOYMENT_TARGET = 18.5;
				LOCALIZATION_PREFERS_STRING_CATALOGS = YES;
				MTL_ENABLE_DEBUG_INFO = NO;
				MTL_FAST_MATH = YES;
				SDKROOT = iphoneos;
				SWIFT_COMPILATION_MODE = wholemodule;
				VALIDATE_PRODUCT = YES;
			};
			name = Release;
		};
		AA0F3F9E2E5E30AE0097642C /* Debug */ = {
			isa = XCBuildConfiguration;
			buildSettings = {
				ASSETCATALOG_COMPILER_APPICON_NAME = AppIcon;
				ASSETCATALOG_COMPILER_GLOBAL_ACCENT_COLOR_NAME = AccentColor;
				CODE_SIGN_STYLE = Automatic;
				CURRENT_PROJECT_VERSION = 1;
				ENABLE_PREVIEWS = YES;
				GENERATE_INFOPLIST_FILE = YES;
				INFOPLIST_KEY_UIApplicationSceneManifest_Generation = YES;
				INFOPLIST_KEY_UIApplicationSupportsIndirectInputEvents = YES;
				INFOPLIST_KEY_UILaunchScreen_Generation = YES;
				INFOPLIST_KEY_UISupportedInterfaceOrientations_iPad = "UIInterfaceOrientationPortrait UIInterfaceOrientationPortraitUpsideDown UIInterfaceOrientationLandscapeLeft UIInterfaceOrientationLandscapeRight";
				INFOPLIST_KEY_UISupportedInterfaceOrientations_iPhone = "UIInterfaceOrientationPortrait UIInterfaceOrientationLandscapeLeft UIInterfaceOrientationLandscapeRight";
				LD_RUNPATH_SEARCH_PATHS = (
					"$(inherited)",
					"@executable_path/Frameworks",
				);
				MARKETING_VERSION = 1.0;
				PRODUCT_BUNDLE_IDENTIFIER = com.ashutoshapp.TimeZ;
				PRODUCT_NAME = "$(TARGET_NAME)";
				SWIFT_EMIT_LOC_STRINGS = YES;
				SWIFT_VERSION = 5.0;
				TARGETED_DEVICE_FAMILY = "1,2";
			};
			name = Debug;
		};
		AA0F3F9F2E5E30AE0097642C /* Release */ = {
			isa = XCBuildConfiguration;
			buildSettings = {
				ASSETCATALOG_COMPILER_APPICON_NAME = AppIcon;
				ASSETCATALOG_COMPILER_GLOBAL_ACCENT_COLOR_NAME = AccentColor;
				CODE_SIGN_STYLE = Automatic;
				CURRENT_PROJECT_VERSION = 1;
				ENABLE_PREVIEWS = YES;
				GENERATE_INFOPLIST_FILE = YES;
				INFOPLIST_KEY_UIApplicationSceneManifest_Generation = YES;
				INFOPLIST_KEY_UIApplicationSupportsIndirectInputEvents = YES;
				INFOPLIST_KEY_UILaunchScreen_Generation = YES;
				INFOPLIST_KEY_UISupportedInterfaceOrientations_iPad = "UIInterfaceOrientationPortrait UIInterfaceOrientationPortraitUpsideDown UIInterfaceOrientationLandscapeLeft UIInterfaceOrientationLandscapeRight";
				INFOPLIST_KEY_UISupportedInterfaceOrientations_iPhone = "UIInterfaceOrientationPortrait UIInterfaceOrientationLandscapeLeft UIInterfaceOrientationLandscapeRight";
				LD_RUNPATH_SEARCH_PATHS = (
					"$(inherited)",
					"@executable_path/Frameworks",
				);
				MARKETING_VERSION = 1.0;
				PRODUCT_BUNDLE_IDENTIFIER = com.ashutoshapp.TimeZ;
				PRODUCT_NAME = "$(TARGET_NAME)";
				SWIFT_EMIT_LOC_STRINGS = YES;
				SWIFT_VERSION = 5.0;
				TARGETED_DEVICE_FAMILY = "1,2";
			};
			name = Release;
		};
		AA0F3FA12E5E30AE0097642C /* Debug */ = {
			isa = XCBuildConfiguration;
			buildSettings = {
				BUNDLE_LOADER = "$(TEST_HOST)";
				CODE_SIGN_STYLE = Automatic;
				CURRENT_PROJECT_VERSION = 1;
				GENERATE_INFOPLIST_FILE = YES;
				IPHONEOS_DEPLOYMENT_TARGET = 18.5;
				MARKETING_VERSION = 1.0;
				PRODUCT_BUNDLE_IDENTIFIER = com.ashutoshapp.TimeZTests;
				PRODUCT_NAME = "$(TARGET_NAME)";
				SWIFT_EMIT_LOC_STRINGS = NO;
				SWIFT_VERSION = 5.0;
				TARGETED_DEVICE_FAMILY = "1,2";
				TEST_HOST = "$(BUILT_PRODUCTS_DIR)/TimeZ.app/$(BUNDLE_EXECUTABLE_FOLDER_PATH)/TimeZ";
			};
			name = Debug;
		};
		AA0F3FA22E5E30AE0097642C /* Release */ = {
			isa = XCBuildConfiguration;
			buildSettings = {
				BUNDLE_LOADER = "$(TEST_HOST)";
				CODE_SIGN_STYLE = Automatic;
				CURRENT_PROJECT_VERSION = 1;
				GENERATE_INFOPLIST_FILE = YES;
				IPHONEOS_DEPLOYMENT_TARGET = 18.5;
				MARKETING_VERSION = 1.0;
				PRODUCT_BUNDLE_IDENTIFIER = com.ashutoshapp.TimeZTests;
				PRODUCT_NAME = "$(TARGET_NAME)";
				SWIFT_EMIT_LOC_STRINGS = NO;
				SWIFT_VERSION = 5.0;
				TARGETED_DEVICE_FAMILY = "1,2";
				TEST_HOST = "$(BUILT_PRODUCTS_DIR)/TimeZ.app/$(BUNDLE_EXECUTABLE_FOLDER_PATH)/TimeZ";
			};
			name = Release;
		};
		AA0F3FA42E5E30AE0097642C /* Debug */ = {
			isa = XCBuildConfiguration;
			buildSettings = {
				CODE_SIGN_STYLE = Automatic;
				CURRENT_PROJECT_VERSION = 1;
				GENERATE_INFOPLIST_FILE = YES;
				MARKETING_VERSION = 1.0;
				PRODUCT_BUNDLE_IDENTIFIER = com.ashutoshapp.TimeZUITests;
				PRODUCT_NAME = "$(TARGET_NAME)";
				SWIFT_EMIT_LOC_STRINGS = NO;
				SWIFT_VERSION = 5.0;
				TARGETED_DEVICE_FAMILY = "1,2";
				TEST_TARGET_NAME = TimeZ;
			};
			name = Debug;
		};
		AA0F3FA52E5E30AE0097642C /* Release */ = {
			isa = XCBuildConfiguration;
			buildSettings = {
				CODE_SIGN_STYLE = Automatic;
				CURRENT_PROJECT_VERSION = 1;
				GENERATE_INFOPLIST_FILE = YES;
				MARKETING_VERSION = 1.0;
				PRODUCT_BUNDLE_IDENTIFIER = com.ashutoshapp.TimeZUITests;
				PRODUCT_NAME = "$(TARGET_NAME)";
				SWIFT_EMIT_LOC_STRINGS = NO;
				SWIFT_VERSION = 5.0;
				TARGETED_DEVICE_FAMILY = "1,2";
				TEST_TARGET_NAME = TimeZ;
			};
			name = Release;
		};
/* End XCBuildConfiguration section */

/* Begin XCConfigurationList section */
		AA0F3F772E5E30AC0097642C /* Build configuration list for PBXProject "TimeZ" */ = {
			isa = XCConfigurationList;
			buildConfigurations = (
				AA0F3F9B2E5E30AE0097642C /* Debug */,
				AA0F3F9C2E5E30AE0097642C /* Release */,
			);
			defaultConfigurationIsVisible = 0;
			defaultConfigurationName = Release;
		};
		AA0F3F9D2E5E30AE0097642C /* Build configuration list for PBXNativeTarget "TimeZ" */ = {
			isa = XCConfigurationList;
			buildConfigurations = (
				AA0F3F9E2E5E30AE0097642C /* Debug */,
				AA0F3F9F2E5E30AE0097642C /* Release */,
			);
			defaultConfigurationIsVisible = 0;
			defaultConfigurationName = Release;
		};
		AA0F3FA02E5E30AE0097642C /* Build configuration list for PBXNativeTarget "TimeZTests" */ = {
			isa = XCConfigurationList;
			buildConfigurations = (
				AA0F3FA12E5E30AE0097642C /* Debug */,
				AA0F3FA22E5E30AE0097642C /* Release */,
			);
			defaultConfigurationIsVisible = 0;
			defaultConfigurationName = Release;
		};
		AA0F3FA32E5E30AE0097642C /* Build configuration list for PBXNativeTarget "TimeZUITests" */ = {
			isa = XCConfigurationList;
			buildConfigurations = (
				AA0F3FA42E5E30AE0097642C /* Debug */,
				AA0F3FA52E5E30AE0097642C /* Release */,
			);
			defaultConfigurationIsVisible = 0;
			defaultConfigurationName = Release;
		};
/* End XCConfigurationList section */
	};
	rootObject = AA0F3F742E5E30AC0097642C /* Project object */;
}
